
Microsoft Visual Studio Solution File, Format Version 12.00
# Visual Studio Version 16
VisualStudioVersion = 16.0.31702.278
MinimumVisualStudioVersion = 10.0.40219.1
Project("{FAE04EC0-301F-11D3-BF4B-00C04F79EFBC}") = "Generic", "Generic\Generic.csproj", "{91A3ED6D-24C5-4DAB-900D-284F6BE3F2AD}"
EndProject
Global
	GlobalSection(SolutionConfigurationPlatforms) = preSolution
		Debug|Any CPU = Debug|Any CPU
		Release|Any CPU = Release|Any CPU
	EndGlobalSection
	GlobalSection(ProjectConfigurationPlatforms) = postSolution
		{91A3ED6D-24C5-4DAB-900D-284F6BE3F2AD}.Debug|Any CPU.ActiveCfg = Debug|Any CPU
		{91A3ED6D-24C5-4DAB-900D-284F6BE3F2AD}.Debug|Any CPU.Build.0 = Debug|Any CPU
		{91A3ED6D-24C5-4DAB-900D-284F6BE3F2AD}.Release|Any CPU.ActiveCfg = Release|Any CPU
		{91A3ED6D-24C5-4DAB-900D-284F6BE3F2AD}.Release|Any CPU.Build.0 = Release|Any CPU
	EndGlobalSection
	GlobalSection(SolutionProperties) = preSolution
		HideSolutionNode = FALSE
	EndGlobalSection
	GlobalSection(ExtensibilityGlobals) = postSolution
		SolutionGuid = {57280B0E-7679-4F01-BEDE-DCC746620716}
	EndGlobalSection
EndGlobal
